# This file is automatically @generated by Cargo.
# It is not intended for manual editing.
version = 4

[[package]]
name = "arena-combat-example"
version = "0.1.0"
dependencies = [
 "telic",
]

[[package]]
name = "love-letter-example"
version = "0.1.0"
dependencies = [
 "telic",
]

[[package]]
name = "poker-example"
version = "0.1.0"
dependencies = [
 "telic",
]

[[package]]
name = "simple-wars-example"
version = "0.1.0"
dependencies = [
 "telic",
]

[[package]]
name = "skillratings"
version = "0.29.0"
source = "registry+https://github.com/rust-lang/crates.io-index"
checksum = "6d092cda2fa802e2e64f9ca9c6b54ffbb9a64c8bb585f6f7a601fedaea22b8b2"

[[package]]
name = "splendor-example"
version = "0.1.0"
dependencies = [
 "telic",
]

[[package]]
name = "telic"
version = "0.1.0"
dependencies = [
 "skillratings",
]
